
Microsoft Visual Studio Solution File, Format Version 12.00
# Visual Studio Version 17
VisualStudioVersion = 17.5.002.0
MinimumVisualStudioVersion = 10.0.40219.1
Project("{9A19103F-16F7-4668-BE54-9A1E7A4F7556}") = "HungryNinja", "HungryNinja.csproj", "{D9B7276D-9DB8-444E-BAED-9DA829D4BA96}"
EndProject
Global
	GlobalSection(SolutionConfigurationPlatforms) = preSolution
		Debug|Any CPU = Debug|Any CPU
		Release|Any CPU = Release|Any CPU
	EndGlobalSection
	GlobalSection(ProjectConfigurationPlatforms) = postSolution
		{D9B7276D-9DB8-444E-BAED-9DA829D4BA96}.Debug|Any CPU.ActiveCfg = Debug|Any CPU
		{D9B7276D-9DB8-444E-BAED-9DA829D4BA96}.Debug|Any CPU.Build.0 = Debug|Any CPU
		{D9B7276D-9DB8-444E-BAED-9DA829D4BA96}.Release|Any CPU.ActiveCfg = Release|Any CPU
		{D9B7276D-9DB8-444E-BAED-9DA829D4BA96}.Release|Any CPU.Build.0 = Release|Any CPU
	EndGlobalSection
	GlobalSection(SolutionProperties) = preSolution
		HideSolutionNode = FALSE
	EndGlobalSection
	GlobalSection(ExtensibilityGlobals) = postSolution
		SolutionGuid = {6773FC86-FAA3-4FA7-B5C4-6E08A9A89350}
	EndGlobalSection
EndGlobal
